// !$*UTF8*$!
{
	archiveVersion = 1;
	classes = {
	};
	objectVersion = 46;
	objects = {

/* Begin PBXBuildFile section */
		2754177E1D13CAD000FC9D84 /* AppDelegate.swift in Sources */ = {isa = PBXBuildFile; fileRef = 2754177D1D13CAD000FC9D84 /* AppDelegate.swift */; };
		275417801D13CAD000FC9D84 /* ViewController.swift in Sources */ = {isa = PBXBuildFile; fileRef = 2754177F1D13CAD000FC9D84 /* ViewController.swift */; };
		275417831D13CAD000FC9D84 /* Main.storyboard in Resources */ = {isa = PBXBuildFile; fileRef = 275417811D13CAD000FC9D84 /* Main.storyboard */; };
		275417851D13CAD000FC9D84 /* Assets.xcassets in Resources */ = {isa = PBXBuildFile; fileRef = 275417841D13CAD000FC9D84 /* Assets.xcassets */; };
		275417881D13CAD000FC9D84 /* LaunchScreen.storyboard in Resources */ = {isa = PBXBuildFile; fileRef = 275417861D13CAD000FC9D84 /* LaunchScreen.storyboard */; };
/* End PBXBuildFile section */

/* Begin PBXFileReference section */
		2754177A1D13CAD000FC9D84 /* Movie App test.app */ = {isa = PBXFileReference; explicitFileType = wrapper.application; includeInIndex = 0; path = "Movie App test.app"; sourceTree = BUILT_PRODUCTS_DIR; };
		2754177D1D13CAD000FC9D84 /* AppDelegate.swift */ = {isa = PBXFileReference; lastKnownFileType = sourcecode.swift; path = AppDelegate.swift; sourceTree = "<group>"; };
		2754177F1D13CAD000FC9D84 /* ViewController.swift */ = {isa = PBXFileReference; lastKnownFileType = sourcecode.swift; path = ViewController.swift; sourceTree = "<group>"; };
		275417821D13CAD000FC9D84 /* Base */ = {isa = PBXFileReference; lastKnownFileType = file.storyboard; name = Base; path = Base.lproj/Main.storyboard; sourceTree = "<group>"; };
		275417841D13CAD000FC9D84 /* Assets.xcassets */ = {isa = PBXFileReference; lastKnownFileType = folder.assetcatalog; path = Assets.xcassets; sourceTree = "<group>"; };
		275417871D13CAD000FC9D84 /* Base */ = {isa = PBXFileReference; lastKnownFileType = file.storyboard; name = Base; path = Base.lproj/LaunchScreen.storyboard; sourceTree = "<group>"; };
		275417891D13CAD000FC9D84 /* Info.plist */ = {isa = PBXFileReference; lastKnownFileType = text.plist.xml; path = Info.plist; sourceTree = "<group>"; };
/* End PBXFileReference section */

/* Begin PBXFrameworksBuildPhase section */
		275417771D13CAD000FC9D84 /* Frameworks */ = {
			isa = PBXFrameworksBuildPhase;
			buildActionMask = 2147483647;
			files = (
			);
			runOnlyForDeploymentPostprocessing = 0;
		};
/* End PBXFrameworksBuildPhase section */

/* Begin PBXGroup section */
		275417711D13CAD000FC9D84 = {
			isa = PBXGroup;
			children = (
				2754177C1D13CAD000FC9D84 /* Movie App test */,
				2754177B1D13CAD000FC9D84 /* Products */,
			);
			sourceTree = "<group>";
		};
		2754177B1D13CAD000FC9D84 /* Products */ = {
			isa = PBXGroup;
			children = (
				2754177A1D13CAD000FC9D84 /* Movie App test.app */,
			);
			name = Products;
			sourceTree = "<group>";
		};
		2754177C1D13CAD000FC9D84 /* Movie App test */ = {
			isa = PBXGroup;
			children = (
				2754177D1D13CAD000FC9D84 /* AppDelegate.swift */,
				2754177F1D13CAD000FC9D84 /* ViewController.swift */,
				275417811D13CAD000FC9D84 /* Main.storyboard */,
				275417841D13CAD000FC9D84 /* Assets.xcassets */,
				275417861D13CAD000FC9D84 /* LaunchScreen.storyboard */,
				275417891D13CAD000FC9D84 /* Info.plist */,
			);
			path = "Movie App test";
			sourceTree = "<group>";
		};
/* End PBXGroup section */

/* Begin PBXNativeTarget section */
		275417791D13CAD000FC9D84 /* Movie App test */ = {
			isa = PBXNativeTarget;
			buildConfigurationList = 2754178C1D13CAD000FC9D84 /* Build configuration list for PBXNativeTarget "Movie App test" */;
			buildPhases = (
				275417761D13CAD000FC9D84 /* Sources */,
				275417771D13CAD000FC9D84 /* Frameworks */,
				275417781D13CAD000FC9D84 /* Resources */,
			);
			buildRules = (
			);
			dependencies = (
			);
			name = "Movie App test";
			productName = "Movie App test";
			productReference = 2754177A1D13CAD000FC9D84 /* Movie App test.app */;
			productType = "com.apple.product-type.application";
		};
/* End PBXNativeTarget section */

/* Begin PBXProject section */
		275417721D13CAD000FC9D84 /* Project object */ = {
			isa = PBXProject;
			attributes = {
				LastSwiftUpdateCheck = 0730;
				LastUpgradeCheck = 0730;
				ORGANIZATIONNAME = Alphacamp;
				TargetAttributes = {
					275417791D13CAD000FC9D84 = {
						CreatedOnToolsVersion = 7.3.1;
					};
				};
			};
			buildConfigurationList = 275417751D13CAD000FC9D84 /* Build configuration list for PBXProject "Movie App test" */;
			compatibilityVersion = "Xcode 3.2";
			developmentRegion = English;
			hasScannedForEncodings = 0;
			knownRegions = (
				en,
				Base,
			);
			mainGroup = 275417711D13CAD000FC9D84;
			productRefGroup = 2754177B1D13CAD000FC9D84 /* Products */;
			projectDirPath = "";
			projectRoot = "";
			targets = (
				275417791D13CAD000FC9D84 /* Movie App test */,
			);
		};
/* End PBXProject section */

/* Begin PBXResourcesBuildPhase section */
		275417781D13CAD000FC9D84 /* Resources */ = {
			isa = PBXResourcesBuildPhase;
			buildActionMask = 2147483647;
			files = (
				275417881D13CAD000FC9D84 /* LaunchScreen.storyboard in Resources */,
				275417851D13CAD000FC9D84 /* Assets.xcassets in Resources */,
				275417831D13CAD000FC9D84 /* Main.storyboard in Resources */,
			);
			runOnlyForDeploymentPostprocessing = 0;
		};
/* End PBXResourcesBuildPhase section */

/* Begin PBXSourcesBuildPhase section */
		275417761D13CAD000FC9D84 /* Sources */ = {
			isa = PBXSourcesBuildPhase;
			buildActionMask = 2147483647;
			files = (
				275417801D13CAD000FC9D84 /* ViewController.swift in Sources */,
				2754177E1D13CAD000FC9D84 /* AppDelegate.swift in Sources */,
			);
			runOnlyForDeploymentPostprocessing = 0;
		};
/* End PBXSourcesBuildPhase section */

/* Begin PBXVariantGroup section */
		275417811D13CAD000FC9D84 /* Main.storyboard */ = {
			isa = PBXVariantGroup;
			children = (
				275417821D13CAD000FC9D84 /* Base */,
			);
			name = Main.storyboard;
			sourceTree = "<group>";
		};
		275417861D13CAD000FC9D84 /* LaunchScreen.storyboard */ = {
			isa = PBXVariantGroup;
			children = (
				275417871D13CAD000FC9D84 /* Base */,
			);
			name = LaunchScreen.storyboard;
			sourceTree = "<group>";
		};
/* End PBXVariantGroup section */

/* Begin XCBuildConfiguration section */
		2754178A1D13CAD000FC9D84 /* Debug */ = {
			isa = XCBuildConfiguration;
			buildSettings = {
				ALWAYS_SEARCH_USER_PATHS = NO;
				CLANG_ANALYZER_NONNULL = YES;
				CLANG_CXX_LANGUAGE_STANDARD = "gnu++0x";
				CLANG_CXX_LIBRARY = "libc++";
				CLANG_ENABLE_MODULES = YES;
				CLANG_ENABLE_OBJC_ARC = YES;
				CLANG_WARN_BOOL_CONVERSION = YES;
				CLANG_WARN_CONSTANT_CONVERSION = YES;
				CLANG_WARN_DIRECT_OBJC_ISA_USAGE = YES_ERROR;
				CLANG_WARN_EMPTY_BODY = YES;
				CLANG_WARN_ENUM_CONVERSION = YES;
				CLANG_WARN_INT_CONVERSION = YES;
				CLANG_WARN_OBJC_ROOT_CLASS = YES_ERROR;
				CLANG_WARN_UNREACHABLE_CODE = YES;
				CLANG_WARN__DUPLICATE_METHOD_MATCH = YES;
				"CODE_SIGN_IDENTITY[sdk=iphoneos*]" = "iPhone Developer";
				COPY_PHASE_STRIP = NO;
				DEBUG_INFORMATION_FORMAT = dwarf;
				ENABLE_STRICT_OBJC_MSGSEND = YES;
				ENABLE_TESTABILITY = YES;
				GCC_C_LANGUAGE_STANDARD = gnu99;
				GCC_DYNAMIC_NO_PIC = NO;
				GCC_NO_COMMON_BLOCKS = YES;
				GCC_OPTIMIZATION_LEVEL = 0;
				GCC_PREPROCESSOR_DEFINITIONS = (
					"DEBUG=1",
					"$(inherited)",
				);
				GCC_WARN_64_TO_32_BIT_CONVERSION = YES;
				GCC_WARN_ABOUT_RETURN_TYPE = YES_ERROR;
				GCC_WARN_UNDECLARED_SELECTOR = YES;
				GCC_WARN_UNINITIALIZED_AUTOS = YES_AGGRESSIVE;
				GCC_WARN_UNUSED_FUNCTION = YES;
				GCC_WARN_UNUSED_VARIABLE = YES;
				IPHONEOS_DEPLOYMENT_TARGET = 9.3;
				MTL_ENABLE_DEBUG_INFO = YES;
				ONLY_ACTIVE_ARCH = YES;
				SDKROOT = iphoneos;
				SWIFT_OPTIMIZATION_LEVEL = "-Onone";
			};
			name = Debug;
		};
		2754178B1D13CAD000FC9D84 /* Release */ = {
			isa = XCBuildConfiguration;
			buildSettings = {
				ALWAYS_SEARCH_USER_PATHS = NO;
				CLANG_ANALYZER_NONNULL = YES;
				CLANG_CXX_LANGUAGE_STANDARD = "gnu++0x";
				CLANG_CXX_LIBRARY = "libc++";
				CLANG_ENABLE_MODULES = YES;
				CLANG_ENABLE_OBJC_ARC = YES;
				CLANG_WARN_BOOL_CONVERSION = YES;
				CLANG_WARN_CONSTANT_CONVERSION = YES;
				CLANG_WARN_DIRECT_OBJC_ISA_USAGE = YES_ERROR;
				CLANG_WARN_EMPTY_BODY = YES;
				CLANG_WARN_ENUM_CONVERSION = YES;
				CLANG_WARN_INT_CONVERSION = YES;
				CLANG_WARN_OBJC_ROOT_CLASS = YES_ERROR;
				CLANG_WARN_UNREACHABLE_CODE = YES;
				CLANG_WARN__DUPLICATE_METHOD_MATCH = YES;
				"CODE_SIGN_IDENTITY[sdk=iphoneos*]" = "iPhone Developer";
				COPY_PHASE_STRIP = NO;
				DEBUG_INFORMATION_FORMAT = "dwarf-with-dsym";
				ENABLE_NS_ASSERTIONS = NO;
				ENABLE_STRICT_OBJC_MSGSEND = YES;
				GCC_C_LANGUAGE_STANDARD = gnu99;
				GCC_NO_COMMON_BLOCKS = YES;
				GCC_WARN_64_TO_32_BIT_CONVERSION = YES;
				GCC_WARN_ABOUT_RETURN_TYPE = YES_ERROR;
				GCC_WARN_UNDECLARED_SELECTOR = YES;
				GCC_WARN_UNINITIALIZED_AUTOS = YES_AGGRESSIVE;
				GCC_WARN_UNUSED_FUNCTION = YES;
				GCC_WARN_UNUSED_VARIABLE = YES;
				IPHONEOS_DEPLOYMENT_TARGET = 9.3;
				MTL_ENABLE_DEBUG_INFO = NO;
				SDKROOT = iphoneos;
				VALIDATE_PRODUCT = YES;
			};
			name = Release;
		};
		2754178D1D13CAD000FC9D84 /* Debug */ = {
			isa = XCBuildConfiguration;
			buildSettings = {
				ASSETCATALOG_COMPILER_APPICON_NAME = AppIcon;
				INFOPLIST_FILE = "Movie App test/Info.plist";
				LD_RUNPATH_SEARCH_PATHS = "$(inherited) @executable_path/Frameworks";
				PRODUCT_BUNDLE_IDENTIFIER = "co.Alphacamp.Movie-App-test";
				PRODUCT_NAME = "$(TARGET_NAME)";
			};
			name = Debug;
		};
		2754178E1D13CAD000FC9D84 /* Release */ = {
			isa = XCBuildConfiguration;
			buildSettings = {
				ASSETCATALOG_COMPILER_APPICON_NAME = AppIcon;
				INFOPLIST_FILE = "Movie App test/Info.plist";
				LD_RUNPATH_SEARCH_PATHS = "$(inherited) @executable_path/Frameworks";
				PRODUCT_BUNDLE_IDENTIFIER = "co.Alphacamp.Movie-App-test";
				PRODUCT_NAME = "$(TARGET_NAME)";
			};
			name = Release;
		};
/* End XCBuildConfiguration section */

/* Begin XCConfigurationList section */
		275417751D13CAD000FC9D84 /* Build configuration list for PBXProject "Movie App test" */ = {
			isa = XCConfigurationList;
			buildConfigurations = (
				2754178A1D13CAD000FC9D84 /* Debug */,
				2754178B1D13CAD000FC9D84 /* Release */,
			);
			defaultConfigurationIsVisible = 0;
			defaultConfigurationName = Release;
		};
		2754178C1D13CAD000FC9D84 /* Build configuration list for PBXNativeTarget "Movie App test" */ = {
			isa = XCConfigurationList;
			buildConfigurations = (
				2754178D1D13CAD000FC9D84 /* Debug */,
				2754178E1D13CAD000FC9D84 /* Release */,
			);
			defaultConfigurationIsVisible = 0;
		};
/* End XCConfigurationList section */
	};
	rootObject = 275417721D13CAD000FC9D84 /* Project object */;
}
